// !$*UTF8*$!
{
	archiveVersion = 1;
	classes = {
	};
	objectVersion = 48;
	objects = {

/* Begin PBXBuildFile section */
		DAFA861E20E00EAE00F18C81 /* AppDelegate.swift in Sources */ = {isa = PBXBuildFile; fileRef = DAFA861D20E00EAE00F18C81 /* AppDelegate.swift */; };
		DAFA862320E00EAE00F18C81 /* Main.storyboard in Resources */ = {isa = PBXBuildFile; fileRef = DAFA862120E00EAE00F18C81 /* Main.storyboard */; };
		DAFA862520E00EAE00F18C81 /* Assets.xcassets in Resources */ = {isa = PBXBuildFile; fileRef = DAFA862420E00EAE00F18C81 /* Assets.xcassets */; };
		DAFA862820E00EAE00F18C81 /* LaunchScreen.storyboard in Resources */ = {isa = PBXBuildFile; fileRef = DAFA862620E00EAE00F18C81 /* LaunchScreen.storyboard */; };
		DAFA863220E010F900F18C81 /* ButtonScreen.swift in Sources */ = {isa = PBXBuildFile; fileRef = DAFA863120E010F900F18C81 /* ButtonScreen.swift */; };
/* End PBXBuildFile section */

/* Begin PBXFileReference section */
		DAFA861A20E00EAE00F18C81 /* BlankasMusicPlayer.app */ = {isa = PBXFileReference; explicitFileType = wrapper.application; includeInIndex = 0; path = BlankasMusicPlayer.app; sourceTree = BUILT_PRODUCTS_DIR; };
		DAFA861D20E00EAE00F18C81 /* AppDelegate.swift */ = {isa = PBXFileReference; lastKnownFileType = sourcecode.swift; path = AppDelegate.swift; sourceTree = "<group>"; };
		DAFA862220E00EAE00F18C81 /* Base */ = {isa = PBXFileReference; lastKnownFileType = file.storyboard; name = Base; path = Base.lproj/Main.storyboard; sourceTree = "<group>"; };
		DAFA862420E00EAE00F18C81 /* Assets.xcassets */ = {isa = PBXFileReference; lastKnownFileType = folder.assetcatalog; path = Assets.xcassets; sourceTree = "<group>"; };
		DAFA862720E00EAE00F18C81 /* Base */ = {isa = PBXFileReference; lastKnownFileType = file.storyboard; name = Base; path = Base.lproj/LaunchScreen.storyboard; sourceTree = "<group>"; };
		DAFA862920E00EAE00F18C81 /* Info.plist */ = {isa = PBXFileReference; lastKnownFileType = text.plist.xml; path = Info.plist; sourceTree = "<group>"; };
		DAFA863120E010F900F18C81 /* ButtonScreen.swift */ = {isa = PBXFileReference; lastKnownFileType = sourcecode.swift; path = ButtonScreen.swift; sourceTree = "<group>"; };
/* End PBXFileReference section */

/* Begin PBXFrameworksBuildPhase section */
		DAFA861720E00EAE00F18C81 /* Frameworks */ = {
			isa = PBXFrameworksBuildPhase;
			buildActionMask = 2147483647;
			files = (
			);
			runOnlyForDeploymentPostprocessing = 0;
		};
/* End PBXFrameworksBuildPhase section */

/* Begin PBXGroup section */
		DAFA861120E00EAE00F18C81 = {
			isa = PBXGroup;
			children = (
				DAFA861C20E00EAE00F18C81 /* BlankasMusicPlayer */,
				DAFA861B20E00EAE00F18C81 /* Products */,
			);
			sourceTree = "<group>";
		};
		DAFA861B20E00EAE00F18C81 /* Products */ = {
			isa = PBXGroup;
			children = (
				DAFA861A20E00EAE00F18C81 /* BlankasMusicPlayer.app */,
			);
			name = Products;
			sourceTree = "<group>";
		};
		DAFA861C20E00EAE00F18C81 /* BlankasMusicPlayer */ = {
			isa = PBXGroup;
			children = (
				DAFA861D20E00EAE00F18C81 /* AppDelegate.swift */,
				DAFA862120E00EAE00F18C81 /* Main.storyboard */,
				DAFA862420E00EAE00F18C81 /* Assets.xcassets */,
				DAFA862620E00EAE00F18C81 /* LaunchScreen.storyboard */,
				DAFA862920E00EAE00F18C81 /* Info.plist */,
				DAFA863120E010F900F18C81 /* ButtonScreen.swift */,
			);
			path = BlankasMusicPlayer;
			sourceTree = "<group>";
		};
/* End PBXGroup section */

/* Begin PBXNativeTarget section */
		DAFA861920E00EAE00F18C81 /* BlankasMusicPlayer */ = {
			isa = PBXNativeTarget;
			buildConfigurationList = DAFA862C20E00EAE00F18C81 /* Build configuration list for PBXNativeTarget "BlankasMusicPlayer" */;
			buildPhases = (
				DAFA861620E00EAE00F18C81 /* Sources */,
				DAFA861720E00EAE00F18C81 /* Frameworks */,
				DAFA861820E00EAE00F18C81 /* Resources */,
			);
			buildRules = (
			);
			dependencies = (
			);
			name = BlankasMusicPlayer;
			productName = BlankasMusicPlayer;
			productReference = DAFA861A20E00EAE00F18C81 /* BlankasMusicPlayer.app */;
			productType = "com.apple.product-type.application";
		};
/* End PBXNativeTarget section */

/* Begin PBXProject section */
		DAFA861220E00EAE00F18C81 /* Project object */ = {
			isa = PBXProject;
			attributes = {
				LastSwiftUpdateCheck = 0920;
				LastUpgradeCheck = 0920;
				ORGANIZATIONNAME = "Blanka Hooz";
				TargetAttributes = {
					DAFA861920E00EAE00F18C81 = {
						CreatedOnToolsVersion = 9.2;
						ProvisioningStyle = Manual;
					};
				};
			};
			buildConfigurationList = DAFA861520E00EAE00F18C81 /* Build configuration list for PBXProject "BlankasMusicPlayer" */;
			compatibilityVersion = "Xcode 8.0";
			developmentRegion = en;
			hasScannedForEncodings = 0;
			knownRegions = (
				en,
				Base,
			);
			mainGroup = DAFA861120E00EAE00F18C81;
			productRefGroup = DAFA861B20E00EAE00F18C81 /* Products */;
			projectDirPath = "";
			projectRoot = "";
			targets = (
				DAFA861920E00EAE00F18C81 /* BlankasMusicPlayer */,
			);
		};
/* End PBXProject section */

/* Begin PBXResourcesBuildPhase section */
		DAFA861820E00EAE00F18C81 /* Resources */ = {
			isa = PBXResourcesBuildPhase;
			buildActionMask = 2147483647;
			files = (
				DAFA862820E00EAE00F18C81 /* LaunchScreen.storyboard in Resources */,
				DAFA862520E00EAE00F18C81 /* Assets.xcassets in Resources */,
				DAFA862320E00EAE00F18C81 /* Main.storyboard in Resources */,
			);
			runOnlyForDeploymentPostprocessing = 0;
		};
/* End PBXResourcesBuildPhase section */

/* Begin PBXSourcesBuildPhase section */
		DAFA861620E00EAE00F18C81 /* Sources */ = {
			isa = PBXSourcesBuildPhase;
			buildActionMask = 2147483647;
			files = (
				DAFA861E20E00EAE00F18C81 /* AppDelegate.swift in Sources */,
				DAFA863220E010F900F18C81 /* ButtonScreen.swift in Sources */,
			);
			runOnlyForDeploymentPostprocessing = 0;
		};
/* End PBXSourcesBuildPhase section */

/* Begin PBXVariantGroup section */
		DAFA862120E00EAE00F18C81 /* Main.storyboard */ = {
			isa = PBXVariantGroup;
			children = (
				DAFA862220E00EAE00F18C81 /* Base */,
			);
			name = Main.storyboard;
			sourceTree = "<group>";
		};
		DAFA862620E00EAE00F18C81 /* LaunchScreen.storyboard */ = {
			isa = PBXVariantGroup;
			children = (
				DAFA862720E00EAE00F18C81 /* Base */,
			);
			name = LaunchScreen.storyboard;
			sourceTree = "<group>";
		};
/* End PBXVariantGroup section */

/* Begin XCBuildConfiguration section */
		DAFA862A20E00EAE00F18C81 /* Debug */ = {
			isa = XCBuildConfiguration;
			buildSettings = {
				ALWAYS_SEARCH_USER_PATHS = NO;
				CLANG_ANALYZER_NONNULL = YES;
				CLANG_ANALYZER_NUMBER_OBJECT_CONVERSION = YES_AGGRESSIVE;
				CLANG_CXX_LANGUAGE_STANDARD = "gnu++14";
				CLANG_CXX_LIBRARY = "libc++";
				CLANG_ENABLE_MODULES = YES;
				CLANG_ENABLE_OBJC_ARC = YES;
				CLANG_WARN_BLOCK_CAPTURE_AUTORELEASING = YES;
				CLANG_WARN_BOOL_CONVERSION = YES;
				CLANG_WARN_COMMA = YES;
				CLANG_WARN_CONSTANT_CONVERSION = YES;
				CLANG_WARN_DIRECT_OBJC_ISA_USAGE = YES_ERROR;
				CLANG_WARN_DOCUMENTATION_COMMENTS = YES;
				CLANG_WARN_EMPTY_BODY = YES;
				CLANG_WARN_ENUM_CONVERSION = YES;
				CLANG_WARN_INFINITE_RECURSION = YES;
				CLANG_WARN_INT_CONVERSION = YES;
				CLANG_WARN_NON_LITERAL_NULL_CONVERSION = YES;
				CLANG_WARN_OBJC_LITERAL_CONVERSION = YES;
				CLANG_WARN_OBJC_ROOT_CLASS = YES_ERROR;
				CLANG_WARN_RANGE_LOOP_ANALYSIS = YES;
				CLANG_WARN_STRICT_PROTOTYPES = YES;
				CLANG_WARN_SUSPICIOUS_MOVE = YES;
				CLANG_WARN_UNGUARDED_AVAILABILITY = YES_AGGRESSIVE;
				CLANG_WARN_UNREACHABLE_CODE = YES;
				CLANG_WARN__DUPLICATE_METHOD_MATCH = YES;
				CODE_SIGN_IDENTITY = "iPhone Developer";
				COPY_PHASE_STRIP = NO;
				DEBUG_INFORMATION_FORMAT = dwarf;
				ENABLE_STRICT_OBJC_MSGSEND = YES;
				ENABLE_TESTABILITY = YES;
				GCC_C_LANGUAGE_STANDARD = gnu11;
				GCC_DYNAMIC_NO_PIC = NO;
				GCC_NO_COMMON_BLOCKS = YES;
				GCC_OPTIMIZATION_LEVEL = 0;
				GCC_PREPROCESSOR_DEFINITIONS = (
					"DEBUG=1",
					"$(inherited)",
				);
				GCC_WARN_64_TO_32_BIT_CONVERSION = YES;
				GCC_WARN_ABOUT_RETURN_TYPE = YES_ERROR;
				GCC_WARN_UNDECLARED_SELECTOR = YES;
				GCC_WARN_UNINITIALIZED_AUTOS = YES_AGGRESSIVE;
				GCC_WARN_UNUSED_FUNCTION = YES;
				GCC_WARN_UNUSED_VARIABLE = YES;
				IPHONEOS_DEPLOYMENT_TARGET = 11.2;
				MTL_ENABLE_DEBUG_INFO = YES;
				ONLY_ACTIVE_ARCH = YES;
				SDKROOT = iphoneos;
				SWIFT_ACTIVE_COMPILATION_CONDITIONS = DEBUG;
				SWIFT_OPTIMIZATION_LEVEL = "-Onone";
			};
			name = Debug;
		};
		DAFA862B20E00EAE00F18C81 /* Release */ = {
			isa = XCBuildConfiguration;
			buildSettings = {
				ALWAYS_SEARCH_USER_PATHS = NO;
				CLANG_ANALYZER_NONNULL = YES;
				CLANG_ANALYZER_NUMBER_OBJECT_CONVERSION = YES_AGGRESSIVE;
				CLANG_CXX_LANGUAGE_STANDARD = "gnu++14";
				CLANG_CXX_LIBRARY = "libc++";
				CLANG_ENABLE_MODULES = YES;
				CLANG_ENABLE_OBJC_ARC = YES;
				CLANG_WARN_BLOCK_CAPTURE_AUTORELEASING = YES;
				CLANG_WARN_BOOL_CONVERSION = YES;
				CLANG_WARN_COMMA = YES;
				CLANG_WARN_CONSTANT_CONVERSION = YES;
				CLANG_WARN_DIRECT_OBJC_ISA_USAGE = YES_ERROR;
				CLANG_WARN_DOCUMENTATION_COMMENTS = YES;
				CLANG_WARN_EMPTY_BODY = YES;
				CLANG_WARN_ENUM_CONVERSION = YES;
				CLANG_WARN_INFINITE_RECURSION = YES;
				CLANG_WARN_INT_CONVERSION = YES;
				CLANG_WARN_NON_LITERAL_NULL_CONVERSION = YES;
				CLANG_WARN_OBJC_LITERAL_CONVERSION = YES;
				CLANG_WARN_OBJC_ROOT_CLASS = YES_ERROR;
				CLANG_WARN_RANGE_LOOP_ANALYSIS = YES;
				CLANG_WARN_STRICT_PROTOTYPES = YES;
				CLANG_WARN_SUSPICIOUS_MOVE = YES;
				CLANG_WARN_UNGUARDED_AVAILABILITY = YES_AGGRESSIVE;
				CLANG_WARN_UNREACHABLE_CODE = YES;
				CLANG_WARN__DUPLICATE_METHOD_MATCH = YES;
				CODE_SIGN_IDENTITY = "iPhone Developer";
				COPY_PHASE_STRIP = NO;
				DEBUG_INFORMATION_FORMAT = "dwarf-with-dsym";
				ENABLE_NS_ASSERTIONS = NO;
				ENABLE_STRICT_OBJC_MSGSEND = YES;
				GCC_C_LANGUAGE_STANDARD = gnu11;
				GCC_NO_COMMON_BLOCKS = YES;
				GCC_WARN_64_TO_32_BIT_CONVERSION = YES;
				GCC_WARN_ABOUT_RETURN_TYPE = YES_ERROR;
				GCC_WARN_UNDECLARED_SELECTOR = YES;
				GCC_WARN_UNINITIALIZED_AUTOS = YES_AGGRESSIVE;
				GCC_WARN_UNUSED_FUNCTION = YES;
				GCC_WARN_UNUSED_VARIABLE = YES;
				IPHONEOS_DEPLOYMENT_TARGET = 11.2;
				MTL_ENABLE_DEBUG_INFO = NO;
				SDKROOT = iphoneos;
				SWIFT_OPTIMIZATION_LEVEL = "-Owholemodule";
				VALIDATE_PRODUCT = YES;
			};
			name = Release;
		};
		DAFA862D20E00EAE00F18C81 /* Debug */ = {
			isa = XCBuildConfiguration;
			buildSettings = {
				ASSETCATALOG_COMPILER_APPICON_NAME = AppIcon;
				CODE_SIGN_STYLE = Manual;
				DEVELOPMENT_TEAM = "";
				INFOPLIST_FILE = BlankasMusicPlayer/Info.plist;
				LD_RUNPATH_SEARCH_PATHS = "$(inherited) @executable_path/Frameworks";
				PRODUCT_BUNDLE_IDENTIFIER = com.blnkhz.BlankasMusicPlayer;
				PRODUCT_NAME = "$(TARGET_NAME)";
				PROVISIONING_PROFILE_SPECIFIER = "";
				SWIFT_VERSION = 4.0;
				TARGETED_DEVICE_FAMILY = "1,2";
			};
			name = Debug;
		};
		DAFA862E20E00EAE00F18C81 /* Release */ = {
			isa = XCBuildConfiguration;
			buildSettings = {
				ASSETCATALOG_COMPILER_APPICON_NAME = AppIcon;
				CODE_SIGN_STYLE = Manual;
				DEVELOPMENT_TEAM = "";
				INFOPLIST_FILE = BlankasMusicPlayer/Info.plist;
				LD_RUNPATH_SEARCH_PATHS = "$(inherited) @executable_path/Frameworks";
				PRODUCT_BUNDLE_IDENTIFIER = com.blnkhz.BlankasMusicPlayer;
				PRODUCT_NAME = "$(TARGET_NAME)";
				PROVISIONING_PROFILE_SPECIFIER = "";
				SWIFT_VERSION = 4.0;
				TARGETED_DEVICE_FAMILY = "1,2";
			};
			name = Release;
		};
/* End XCBuildConfiguration section */

/* Begin XCConfigurationList section */
		DAFA861520E00EAE00F18C81 /* Build configuration list for PBXProject "BlankasMusicPlayer" */ = {
			isa = XCConfigurationList;
			buildConfigurations = (
				DAFA862A20E00EAE00F18C81 /* Debug */,
				DAFA862B20E00EAE00F18C81 /* Release */,
			);
			defaultConfigurationIsVisible = 0;
			defaultConfigurationName = Release;
		};
		DAFA862C20E00EAE00F18C81 /* Build configuration list for PBXNativeTarget "BlankasMusicPlayer" */ = {
			isa = XCConfigurationList;
			buildConfigurations = (
				DAFA862D20E00EAE00F18C81 /* Debug */,
				DAFA862E20E00EAE00F18C81 /* Release */,
			);
			defaultConfigurationIsVisible = 0;
			defaultConfigurationName = Release;
		};
/* End XCConfigurationList section */
	};
	rootObject = DAFA861220E00EAE00F18C81 /* Project object */;
}
